
Microsoft Visual Studio Solution File, Format Version 12.00
# Visual Studio Version 17
VisualStudioVersion = 17.0.32014.148
MinimumVisualStudioVersion = 10.0.40219.1
Project("{8BC9CEB8-8B4A-11D0-8D11-00A0C91BC942}") = "ConsoleApplication lab cycle 3", "ConsoleApplication lab cycle 3\ConsoleApplication lab cycle 3.vcxproj", "{DE06E18D-252E-40BC-95A7-38875EB3E887}"
EndProject
Global
	GlobalSection(SolutionConfigurationPlatforms) = preSolution
		Debug|x64 = Debug|x64
		Debug|x86 = Debug|x86
		Release|x64 = Release|x64
		Release|x86 = Release|x86
	EndGlobalSection
	GlobalSection(ProjectConfigurationPlatforms) = postSolution
		{DE06E18D-252E-40BC-95A7-38875EB3E887}.Debug|x64.ActiveCfg = Debug|x64
		{DE06E18D-252E-40BC-95A7-38875EB3E887}.Debug|x64.Build.0 = Debug|x64
		{DE06E18D-252E-40BC-95A7-38875EB3E887}.Debug|x86.ActiveCfg = Debug|Win32
		{DE06E18D-252E-40BC-95A7-38875EB3E887}.Debug|x86.Build.0 = Debug|Win32
		{DE06E18D-252E-40BC-95A7-38875EB3E887}.Release|x64.ActiveCfg = Release|x64
		{DE06E18D-252E-40BC-95A7-38875EB3E887}.Release|x64.Build.0 = Release|x64
		{DE06E18D-252E-40BC-95A7-38875EB3E887}.Release|x86.ActiveCfg = Release|Win32
		{DE06E18D-252E-40BC-95A7-38875EB3E887}.Release|x86.Build.0 = Release|Win32
	EndGlobalSection
	GlobalSection(SolutionProperties) = preSolution
		HideSolutionNode = FALSE
	EndGlobalSection
	GlobalSection(ExtensibilityGlobals) = postSolution
		SolutionGuid = {295FA9C4-335A-47B3-ACFA-369266044737}
	EndGlobalSection
EndGlobal
