
Microsoft Visual Studio Solution File, Format Version 12.00
# Visual Studio Version 17
VisualStudioVersion = 17.0.32014.148
MinimumVisualStudioVersion = 10.0.40219.1
Project("{8BC9CEB8-8B4A-11D0-8D11-00A0C91BC942}") = "ConsoleApplication lab cycle 1", "ConsoleApplication lab cycle 1\ConsoleApplication lab cycle 1.vcxproj", "{074C8386-A7C8-4C94-8ACC-77BAB1C0B153}"
EndProject
Global
	GlobalSection(SolutionConfigurationPlatforms) = preSolution
		Debug|x64 = Debug|x64
		Debug|x86 = Debug|x86
		Release|x64 = Release|x64
		Release|x86 = Release|x86
	EndGlobalSection
	GlobalSection(ProjectConfigurationPlatforms) = postSolution
		{074C8386-A7C8-4C94-8ACC-77BAB1C0B153}.Debug|x64.ActiveCfg = Debug|x64
		{074C8386-A7C8-4C94-8ACC-77BAB1C0B153}.Debug|x64.Build.0 = Debug|x64
		{074C8386-A7C8-4C94-8ACC-77BAB1C0B153}.Debug|x86.ActiveCfg = Debug|Win32
		{074C8386-A7C8-4C94-8ACC-77BAB1C0B153}.Debug|x86.Build.0 = Debug|Win32
		{074C8386-A7C8-4C94-8ACC-77BAB1C0B153}.Release|x64.ActiveCfg = Release|x64
		{074C8386-A7C8-4C94-8ACC-77BAB1C0B153}.Release|x64.Build.0 = Release|x64
		{074C8386-A7C8-4C94-8ACC-77BAB1C0B153}.Release|x86.ActiveCfg = Release|Win32
		{074C8386-A7C8-4C94-8ACC-77BAB1C0B153}.Release|x86.Build.0 = Release|Win32
	EndGlobalSection
	GlobalSection(SolutionProperties) = preSolution
		HideSolutionNode = FALSE
	EndGlobalSection
	GlobalSection(ExtensibilityGlobals) = postSolution
		SolutionGuid = {80B6A5B0-CFBA-4EC9-B5B8-8D2DE1571FE9}
	EndGlobalSection
EndGlobal
